
Microsoft Visual Studio Solution File, Format Version 12.00
# Visual Studio Version 17
VisualStudioVersion = 17.14.36202.13 d17.14
MinimumVisualStudioVersion = 10.0.40219.1
Project("{FAE04EC0-301F-11D3-BF4B-00C04F79EFBC}") = "dassboard", "dassboard\dassboard.csproj", "{1DFD5A25-5A8A-4030-9304-9B9F6A90416A}"
EndProject
Global
	GlobalSection(SolutionConfigurationPlatforms) = preSolution
		Debug|Any CPU = Debug|Any CPU
		Release|Any CPU = Release|Any CPU
	EndGlobalSection
	GlobalSection(ProjectConfigurationPlatforms) = postSolution
		{1DFD5A25-5A8A-4030-9304-9B9F6A90416A}.Debug|Any CPU.ActiveCfg = Debug|Any CPU
		{1DFD5A25-5A8A-4030-9304-9B9F6A90416A}.Debug|Any CPU.Build.0 = Debug|Any CPU
		{1DFD5A25-5A8A-4030-9304-9B9F6A90416A}.Release|Any CPU.ActiveCfg = Release|Any CPU
		{1DFD5A25-5A8A-4030-9304-9B9F6A90416A}.Release|Any CPU.Build.0 = Release|Any CPU
	EndGlobalSection
	GlobalSection(SolutionProperties) = preSolution
		HideSolutionNode = FALSE
	EndGlobalSection
	GlobalSection(ExtensibilityGlobals) = postSolution
		SolutionGuid = {287C73BA-0E13-40C3-A7D3-C7034E13AF6E}
	EndGlobalSection
EndGlobal
